
Microsoft Visual Studio Solution File, Format Version 12.00
# Visual Studio 2012
Project("{2150E333-8FDC-42A3-9474-1A3956D46DE8}") = "01实体层", "01实体层", "{F874CC38-0B87-480C-979F-E9E7A089F081}"
EndProject
Project("{2150E333-8FDC-42A3-9474-1A3956D46DE8}") = "02数据仓储层", "02数据仓储层", "{22438165-CA6E-444F-A7DF-D37837F04791}"
EndProject
Project("{2150E333-8FDC-42A3-9474-1A3956D46DE8}") = "03业务逻辑层", "03业务逻辑层", "{394C46E4-45F3-4272-A98F-7B0C2A347B43}"
EndProject
Project("{2150E333-8FDC-42A3-9474-1A3956D46DE8}") = "04公共层", "04公共层", "{DC6951A9-9005-46C2-92AA-36FAD38B64F8}"
EndProject
Project("{2150E333-8FDC-42A3-9474-1A3956D46DE8}") = "05UI", "05UI", "{8DECDA06-3B7B-4047-8DC0-FE6A47CA2245}"
EndProject
Project("{FAE04EC0-301F-11D3-BF4B-00C04F79EFBC}") = "CRM.Model", "CRM.Model\CRM.Model.csproj", "{C1403C54-AD11-4F46-9D1E-D2970A649B23}"
EndProject
Project("{FAE04EC0-301F-11D3-BF4B-00C04F79EFBC}") = "CRM.Repository", "CRM.Repository\CRM.Repository.csproj", "{E4E631B6-B9DA-4E4C-B5A1-606EBA6B539B}"
EndProject
Project("{FAE04EC0-301F-11D3-BF4B-00C04F79EFBC}") = "CRM.IRepository", "CRM.IRepository\CRM.IRepository.csproj", "{8C939CB5-98A0-4B01-85E8-D6AE19F9DF82}"
EndProject
Project("{FAE04EC0-301F-11D3-BF4B-00C04F79EFBC}") = "CRM.IServices", "CRM.IServices\CRM.IServices.csproj", "{AA58230A-26AA-4D79-8DE8-CF793667ABC3}"
EndProject
Project("{FAE04EC0-301F-11D3-BF4B-00C04F79EFBC}") = "CRM.Services", "CRM.Services\CRM.Services.csproj", "{1412BD0D-D3E4-417D-812A-C0282554458C}"
EndProject
Project("{FAE04EC0-301F-11D3-BF4B-00C04F79EFBC}") = "CRM.Common", "CRM.Common\CRM.Common.csproj", "{F165734F-6EAB-4B8F-86C2-93BFE27ABB7A}"
EndProject
Project("{FAE04EC0-301F-11D3-BF4B-00C04F79EFBC}") = "CRM.EntityMapping", "CRM.EntityMapping\CRM.EntityMapping.csproj", "{05C64F29-D4C3-4FBF-AD8A-252154B9E887}"
EndProject
Project("{FAE04EC0-301F-11D3-BF4B-00C04F79EFBC}") = "CRM.WebHelper", "CRM.WebHelper\CRM.WebHelper.csproj", "{B8AE5C24-C870-4AC6-BC62-2D78E3089EC4}"
EndProject
Project("{FAE04EC0-301F-11D3-BF4B-00C04F79EFBC}") = "CRM.Site", "CRM.Site\CRM.Site.csproj", "{FD017388-B40E-48E6-BF38-472B86D43DB9}"
EndProject
Global
	GlobalSection(SubversionScc) = preSolution
		Svn-Managed = True
		Manager = AnkhSVN - Subversion Support for Visual Studio
	EndGlobalSection
	GlobalSection(SolutionConfigurationPlatforms) = preSolution
		Debug|Any CPU = Debug|Any CPU
		Release|Any CPU = Release|Any CPU
	EndGlobalSection
	GlobalSection(ProjectConfigurationPlatforms) = postSolution
		{C1403C54-AD11-4F46-9D1E-D2970A649B23}.Debug|Any CPU.ActiveCfg = Debug|Any CPU
		{C1403C54-AD11-4F46-9D1E-D2970A649B23}.Debug|Any CPU.Build.0 = Debug|Any CPU
		{C1403C54-AD11-4F46-9D1E-D2970A649B23}.Release|Any CPU.ActiveCfg = Release|Any CPU
		{C1403C54-AD11-4F46-9D1E-D2970A649B23}.Release|Any CPU.Build.0 = Release|Any CPU
		{E4E631B6-B9DA-4E4C-B5A1-606EBA6B539B}.Debug|Any CPU.ActiveCfg = Debug|Any CPU
		{E4E631B6-B9DA-4E4C-B5A1-606EBA6B539B}.Debug|Any CPU.Build.0 = Debug|Any CPU
		{E4E631B6-B9DA-4E4C-B5A1-606EBA6B539B}.Release|Any CPU.ActiveCfg = Release|Any CPU
		{E4E631B6-B9DA-4E4C-B5A1-606EBA6B539B}.Release|Any CPU.Build.0 = Release|Any CPU
		{8C939CB5-98A0-4B01-85E8-D6AE19F9DF82}.Debug|Any CPU.ActiveCfg = Debug|Any CPU
		{8C939CB5-98A0-4B01-85E8-D6AE19F9DF82}.Debug|Any CPU.Build.0 = Debug|Any CPU
		{8C939CB5-98A0-4B01-85E8-D6AE19F9DF82}.Release|Any CPU.ActiveCfg = Release|Any CPU
		{8C939CB5-98A0-4B01-85E8-D6AE19F9DF82}.Release|Any CPU.Build.0 = Release|Any CPU
		{AA58230A-26AA-4D79-8DE8-CF793667ABC3}.Debug|Any CPU.ActiveCfg = Debug|Any CPU
		{AA58230A-26AA-4D79-8DE8-CF793667ABC3}.Debug|Any CPU.Build.0 = Debug|Any CPU
		{AA58230A-26AA-4D79-8DE8-CF793667ABC3}.Release|Any CPU.ActiveCfg = Release|Any CPU
		{AA58230A-26AA-4D79-8DE8-CF793667ABC3}.Release|Any CPU.Build.0 = Release|Any CPU
		{1412BD0D-D3E4-417D-812A-C0282554458C}.Debug|Any CPU.ActiveCfg = Debug|Any CPU
		{1412BD0D-D3E4-417D-812A-C0282554458C}.Debug|Any CPU.Build.0 = Debug|Any CPU
		{1412BD0D-D3E4-417D-812A-C0282554458C}.Release|Any CPU.ActiveCfg = Release|Any CPU
		{1412BD0D-D3E4-417D-812A-C0282554458C}.Release|Any CPU.Build.0 = Release|Any CPU
		{F165734F-6EAB-4B8F-86C2-93BFE27ABB7A}.Debug|Any CPU.ActiveCfg = Debug|Any CPU
		{F165734F-6EAB-4B8F-86C2-93BFE27ABB7A}.Debug|Any CPU.Build.0 = Debug|Any CPU
		{F165734F-6EAB-4B8F-86C2-93BFE27ABB7A}.Release|Any CPU.ActiveCfg = Release|Any CPU
		{F165734F-6EAB-4B8F-86C2-93BFE27ABB7A}.Release|Any CPU.Build.0 = Release|Any CPU
		{05C64F29-D4C3-4FBF-AD8A-252154B9E887}.Debug|Any CPU.ActiveCfg = Debug|Any CPU
		{05C64F29-D4C3-4FBF-AD8A-252154B9E887}.Debug|Any CPU.Build.0 = Debug|Any CPU
		{05C64F29-D4C3-4FBF-AD8A-252154B9E887}.Release|Any CPU.ActiveCfg = Release|Any CPU
		{05C64F29-D4C3-4FBF-AD8A-252154B9E887}.Release|Any CPU.Build.0 = Release|Any CPU
		{B8AE5C24-C870-4AC6-BC62-2D78E3089EC4}.Debug|Any CPU.ActiveCfg = Debug|Any CPU
		{B8AE5C24-C870-4AC6-BC62-2D78E3089EC4}.Debug|Any CPU.Build.0 = Debug|Any CPU
		{B8AE5C24-C870-4AC6-BC62-2D78E3089EC4}.Release|Any CPU.ActiveCfg = Release|Any CPU
		{B8AE5C24-C870-4AC6-BC62-2D78E3089EC4}.Release|Any CPU.Build.0 = Release|Any CPU
		{FD017388-B40E-48E6-BF38-472B86D43DB9}.Debug|Any CPU.ActiveCfg = Debug|Any CPU
		{FD017388-B40E-48E6-BF38-472B86D43DB9}.Debug|Any CPU.Build.0 = Debug|Any CPU
		{FD017388-B40E-48E6-BF38-472B86D43DB9}.Release|Any CPU.ActiveCfg = Release|Any CPU
		{FD017388-B40E-48E6-BF38-472B86D43DB9}.Release|Any CPU.Build.0 = Release|Any CPU
	EndGlobalSection
	GlobalSection(SolutionProperties) = preSolution
		HideSolutionNode = FALSE
	EndGlobalSection
	GlobalSection(NestedProjects) = preSolution
		{C1403C54-AD11-4F46-9D1E-D2970A649B23} = {F874CC38-0B87-480C-979F-E9E7A089F081}
		{E4E631B6-B9DA-4E4C-B5A1-606EBA6B539B} = {22438165-CA6E-444F-A7DF-D37837F04791}
		{8C939CB5-98A0-4B01-85E8-D6AE19F9DF82} = {22438165-CA6E-444F-A7DF-D37837F04791}
		{AA58230A-26AA-4D79-8DE8-CF793667ABC3} = {394C46E4-45F3-4272-A98F-7B0C2A347B43}
		{1412BD0D-D3E4-417D-812A-C0282554458C} = {394C46E4-45F3-4272-A98F-7B0C2A347B43}
		{F165734F-6EAB-4B8F-86C2-93BFE27ABB7A} = {DC6951A9-9005-46C2-92AA-36FAD38B64F8}
		{05C64F29-D4C3-4FBF-AD8A-252154B9E887} = {DC6951A9-9005-46C2-92AA-36FAD38B64F8}
		{B8AE5C24-C870-4AC6-BC62-2D78E3089EC4} = {8DECDA06-3B7B-4047-8DC0-FE6A47CA2245}
		{FD017388-B40E-48E6-BF38-472B86D43DB9} = {8DECDA06-3B7B-4047-8DC0-FE6A47CA2245}
	EndGlobalSection
EndGlobal
